// !$*UTF8*$!
{
	archiveVersion = 1;
	classes = {
	};
	objectVersion = 46;
	objects = {

/* Begin PBXBuildFile section */
		23EADD611A12C22B0053E507 /* main.m in Sources */ = {isa = PBXBuildFile; fileRef = 23EADD601A12C22B0053E507 /* main.m */; };
		23EADD641A12C22B0053E507 /* AppDelegate.m in Sources */ = {isa = PBXBuildFile; fileRef = 23EADD631A12C22B0053E507 /* AppDelegate.m */; };
		23EADD671A12C22B0053E507 /* RaidRoster.xcdatamodeld in Sources */ = {isa = PBXBuildFile; fileRef = 23EADD651A12C22B0053E507 /* RaidRoster.xcdatamodeld */; };
		23EADD6A1A12C22B0053E507 /* AdventurersTableViewController.m in Sources */ = {isa = PBXBuildFile; fileRef = 23EADD691A12C22B0053E507 /* AdventurersTableViewController.m */; };
		23EADD6D1A12C22B0053E507 /* Main.storyboard in Resources */ = {isa = PBXBuildFile; fileRef = 23EADD6B1A12C22B0053E507 /* Main.storyboard */; };
		23EADD6F1A12C22B0053E507 /* Images.xcassets in Resources */ = {isa = PBXBuildFile; fileRef = 23EADD6E1A12C22B0053E507 /* Images.xcassets */; };
		23EADD721A12C22B0053E507 /* LaunchScreen.xib in Resources */ = {isa = PBXBuildFile; fileRef = 23EADD701A12C22B0053E507 /* LaunchScreen.xib */; };
		23EADD7E1A12C22B0053E507 /* RaidRosterTests.m in Sources */ = {isa = PBXBuildFile; fileRef = 23EADD7D1A12C22B0053E507 /* RaidRosterTests.m */; };
		23EADD891A12C3960053E507 /* RaidsTableViewController.m in Sources */ = {isa = PBXBuildFile; fileRef = 23EADD881A12C3960053E507 /* RaidsTableViewController.m */; };
/* End PBXBuildFile section */

/* Begin PBXContainerItemProxy section */
		23EADD781A12C22B0053E507 /* PBXContainerItemProxy */ = {
			isa = PBXContainerItemProxy;
			containerPortal = 23EADD531A12C22B0053E507 /* Project object */;
			proxyType = 1;
			remoteGlobalIDString = 23EADD5A1A12C22B0053E507;
			remoteInfo = RaidRoster;
		};
/* End PBXContainerItemProxy section */

/* Begin PBXFileReference section */
		23EADD5B1A12C22B0053E507 /* RaidRoster.app */ = {isa = PBXFileReference; explicitFileType = wrapper.application; includeInIndex = 0; path = RaidRoster.app; sourceTree = BUILT_PRODUCTS_DIR; };
		23EADD5F1A12C22B0053E507 /* Info.plist */ = {isa = PBXFileReference; lastKnownFileType = text.plist.xml; path = Info.plist; sourceTree = "<group>"; };
		23EADD601A12C22B0053E507 /* main.m */ = {isa = PBXFileReference; lastKnownFileType = sourcecode.c.objc; path = main.m; sourceTree = "<group>"; };
		23EADD621A12C22B0053E507 /* AppDelegate.h */ = {isa = PBXFileReference; lastKnownFileType = sourcecode.c.h; path = AppDelegate.h; sourceTree = "<group>"; };
		23EADD631A12C22B0053E507 /* AppDelegate.m */ = {isa = PBXFileReference; lastKnownFileType = sourcecode.c.objc; path = AppDelegate.m; sourceTree = "<group>"; };
		23EADD661A12C22B0053E507 /* RaidRoster.xcdatamodel */ = {isa = PBXFileReference; lastKnownFileType = wrapper.xcdatamodel; path = RaidRoster.xcdatamodel; sourceTree = "<group>"; };
		23EADD681A12C22B0053E507 /* AdventurersTableViewController.h */ = {isa = PBXFileReference; lastKnownFileType = sourcecode.c.h; path = AdventurersTableViewController.h; sourceTree = "<group>"; };
		23EADD691A12C22B0053E507 /* AdventurersTableViewController.m */ = {isa = PBXFileReference; lastKnownFileType = sourcecode.c.objc; path = AdventurersTableViewController.m; sourceTree = "<group>"; };
		23EADD6C1A12C22B0053E507 /* Base */ = {isa = PBXFileReference; lastKnownFileType = file.storyboard; name = Base; path = Base.lproj/Main.storyboard; sourceTree = "<group>"; };
		23EADD6E1A12C22B0053E507 /* Images.xcassets */ = {isa = PBXFileReference; lastKnownFileType = folder.assetcatalog; path = Images.xcassets; sourceTree = "<group>"; };
		23EADD711A12C22B0053E507 /* Base */ = {isa = PBXFileReference; lastKnownFileType = file.xib; name = Base; path = Base.lproj/LaunchScreen.xib; sourceTree = "<group>"; };
		23EADD771A12C22B0053E507 /* RaidRosterTests.xctest */ = {isa = PBXFileReference; explicitFileType = wrapper.cfbundle; includeInIndex = 0; path = RaidRosterTests.xctest; sourceTree = BUILT_PRODUCTS_DIR; };
		23EADD7C1A12C22B0053E507 /* Info.plist */ = {isa = PBXFileReference; lastKnownFileType = text.plist.xml; path = Info.plist; sourceTree = "<group>"; };
		23EADD7D1A12C22B0053E507 /* RaidRosterTests.m */ = {isa = PBXFileReference; lastKnownFileType = sourcecode.c.objc; path = RaidRosterTests.m; sourceTree = "<group>"; };
		23EADD871A12C3960053E507 /* RaidsTableViewController.h */ = {isa = PBXFileReference; fileEncoding = 4; lastKnownFileType = sourcecode.c.h; path = RaidsTableViewController.h; sourceTree = "<group>"; };
		23EADD881A12C3960053E507 /* RaidsTableViewController.m */ = {isa = PBXFileReference; fileEncoding = 4; lastKnownFileType = sourcecode.c.objc; path = RaidsTableViewController.m; sourceTree = "<group>"; };
/* End PBXFileReference section */

/* Begin PBXFrameworksBuildPhase section */
		23EADD581A12C22B0053E507 /* Frameworks */ = {
			isa = PBXFrameworksBuildPhase;
			buildActionMask = 2147483647;
			files = (
			);
			runOnlyForDeploymentPostprocessing = 0;
		};
		23EADD741A12C22B0053E507 /* Frameworks */ = {
			isa = PBXFrameworksBuildPhase;
			buildActionMask = 2147483647;
			files = (
			);
			runOnlyForDeploymentPostprocessing = 0;
		};
/* End PBXFrameworksBuildPhase section */

/* Begin PBXGroup section */
		23EADD521A12C22B0053E507 = {
			isa = PBXGroup;
			children = (
				23EADD5D1A12C22B0053E507 /* RaidRoster */,
				23EADD7A1A12C22B0053E507 /* RaidRosterTests */,
				23EADD5C1A12C22B0053E507 /* Products */,
			);
			sourceTree = "<group>";
		};
		23EADD5C1A12C22B0053E507 /* Products */ = {
			isa = PBXGroup;
			children = (
				23EADD5B1A12C22B0053E507 /* RaidRoster.app */,
				23EADD771A12C22B0053E507 /* RaidRosterTests.xctest */,
			);
			name = Products;
			sourceTree = "<group>";
		};
		23EADD5D1A12C22B0053E507 /* RaidRoster */ = {
			isa = PBXGroup;
			children = (
				23EADD621A12C22B0053E507 /* AppDelegate.h */,
				23EADD631A12C22B0053E507 /* AppDelegate.m */,
				23EADD681A12C22B0053E507 /* AdventurersTableViewController.h */,
				23EADD691A12C22B0053E507 /* AdventurersTableViewController.m */,
				23EADD6B1A12C22B0053E507 /* Main.storyboard */,
				23EADD871A12C3960053E507 /* RaidsTableViewController.h */,
				23EADD881A12C3960053E507 /* RaidsTableViewController.m */,
				23EADD6E1A12C22B0053E507 /* Images.xcassets */,
				23EADD701A12C22B0053E507 /* LaunchScreen.xib */,
				23EADD651A12C22B0053E507 /* RaidRoster.xcdatamodeld */,
				23EADD901A12C8C80053E507 /* Model */,
				23EADD5E1A12C22B0053E507 /* Supporting Files */,
			);
			path = RaidRoster;
			sourceTree = "<group>";
		};
		23EADD5E1A12C22B0053E507 /* Supporting Files */ = {
			isa = PBXGroup;
			children = (
				23EADD5F1A12C22B0053E507 /* Info.plist */,
				23EADD601A12C22B0053E507 /* main.m */,
			);
			name = "Supporting Files";
			sourceTree = "<group>";
		};
		23EADD7A1A12C22B0053E507 /* RaidRosterTests */ = {
			isa = PBXGroup;
			children = (
				23EADD7D1A12C22B0053E507 /* RaidRosterTests.m */,
				23EADD7B1A12C22B0053E507 /* Supporting Files */,
			);
			path = RaidRosterTests;
			sourceTree = "<group>";
		};
		23EADD7B1A12C22B0053E507 /* Supporting Files */ = {
			isa = PBXGroup;
			children = (
				23EADD7C1A12C22B0053E507 /* Info.plist */,
			);
			name = "Supporting Files";
			sourceTree = "<group>";
		};
		23EADD901A12C8C80053E507 /* Model */ = {
			isa = PBXGroup;
			children = (
			);
			name = Model;
			sourceTree = "<group>";
		};
/* End PBXGroup section */

/* Begin PBXNativeTarget section */
		23EADD5A1A12C22B0053E507 /* RaidRoster */ = {
			isa = PBXNativeTarget;
			buildConfigurationList = 23EADD811A12C22B0053E507 /* Build configuration list for PBXNativeTarget "RaidRoster" */;
			buildPhases = (
				23EADD571A12C22B0053E507 /* Sources */,
				23EADD581A12C22B0053E507 /* Frameworks */,
				23EADD591A12C22B0053E507 /* Resources */,
			);
			buildRules = (
			);
			dependencies = (
			);
			name = RaidRoster;
			productName = RaidRoster;
			productReference = 23EADD5B1A12C22B0053E507 /* RaidRoster.app */;
			productType = "com.apple.product-type.application";
		};
		23EADD761A12C22B0053E507 /* RaidRosterTests */ = {
			isa = PBXNativeTarget;
			buildConfigurationList = 23EADD841A12C22B0053E507 /* Build configuration list for PBXNativeTarget "RaidRosterTests" */;
			buildPhases = (
				23EADD731A12C22B0053E507 /* Sources */,
				23EADD741A12C22B0053E507 /* Frameworks */,
				23EADD751A12C22B0053E507 /* Resources */,
			);
			buildRules = (
			);
			dependencies = (
				23EADD791A12C22B0053E507 /* PBXTargetDependency */,
			);
			name = RaidRosterTests;
			productName = RaidRosterTests;
			productReference = 23EADD771A12C22B0053E507 /* RaidRosterTests.xctest */;
			productType = "com.apple.product-type.bundle.unit-test";
		};
/* End PBXNativeTarget section */

/* Begin PBXProject section */
		23EADD531A12C22B0053E507 /* Project object */ = {
			isa = PBXProject;
			attributes = {
				LastUpgradeCheck = 0610;
				ORGANIZATIONNAME = MobileMakers;
				TargetAttributes = {
					23EADD5A1A12C22B0053E507 = {
						CreatedOnToolsVersion = 6.1;
					};
					23EADD761A12C22B0053E507 = {
						CreatedOnToolsVersion = 6.1;
						TestTargetID = 23EADD5A1A12C22B0053E507;
					};
				};
			};
			buildConfigurationList = 23EADD561A12C22B0053E507 /* Build configuration list for PBXProject "RaidRoster" */;
			compatibilityVersion = "Xcode 3.2";
			developmentRegion = English;
			hasScannedForEncodings = 0;
			knownRegions = (
				en,
				Base,
			);
			mainGroup = 23EADD521A12C22B0053E507;
			productRefGroup = 23EADD5C1A12C22B0053E507 /* Products */;
			projectDirPath = "";
			projectRoot = "";
			targets = (
				23EADD5A1A12C22B0053E507 /* RaidRoster */,
				23EADD761A12C22B0053E507 /* RaidRosterTests */,
			);
		};
/* End PBXProject section */

/* Begin PBXResourcesBuildPhase section */
		23EADD591A12C22B0053E507 /* Resources */ = {
			isa = PBXResourcesBuildPhase;
			buildActionMask = 2147483647;
			files = (
				23EADD6D1A12C22B0053E507 /* Main.storyboard in Resources */,
				23EADD721A12C22B0053E507 /* LaunchScreen.xib in Resources */,
				23EADD6F1A12C22B0053E507 /* Images.xcassets in Resources */,
			);
			runOnlyForDeploymentPostprocessing = 0;
		};
		23EADD751A12C22B0053E507 /* Resources */ = {
			isa = PBXResourcesBuildPhase;
			buildActionMask = 2147483647;
			files = (
			);
			runOnlyForDeploymentPostprocessing = 0;
		};
/* End PBXResourcesBuildPhase section */

/* Begin PBXSourcesBuildPhase section */
		23EADD571A12C22B0053E507 /* Sources */ = {
			isa = PBXSourcesBuildPhase;
			buildActionMask = 2147483647;
			files = (
				23EADD641A12C22B0053E507 /* AppDelegate.m in Sources */,
				23EADD671A12C22B0053E507 /* RaidRoster.xcdatamodeld in Sources */,
				23EADD6A1A12C22B0053E507 /* AdventurersTableViewController.m in Sources */,
				23EADD611A12C22B0053E507 /* main.m in Sources */,
				23EADD891A12C3960053E507 /* RaidsTableViewController.m in Sources */,
			);
			runOnlyForDeploymentPostprocessing = 0;
		};
		23EADD731A12C22B0053E507 /* Sources */ = {
			isa = PBXSourcesBuildPhase;
			buildActionMask = 2147483647;
			files = (
				23EADD7E1A12C22B0053E507 /* RaidRosterTests.m in Sources */,
			);
			runOnlyForDeploymentPostprocessing = 0;
		};
/* End PBXSourcesBuildPhase section */

/* Begin PBXTargetDependency section */
		23EADD791A12C22B0053E507 /* PBXTargetDependency */ = {
			isa = PBXTargetDependency;
			target = 23EADD5A1A12C22B0053E507 /* RaidRoster */;
			targetProxy = 23EADD781A12C22B0053E507 /* PBXContainerItemProxy */;
		};
/* End PBXTargetDependency section */

/* Begin PBXVariantGroup section */
		23EADD6B1A12C22B0053E507 /* Main.storyboard */ = {
			isa = PBXVariantGroup;
			children = (
				23EADD6C1A12C22B0053E507 /* Base */,
			);
			name = Main.storyboard;
			sourceTree = "<group>";
		};
		23EADD701A12C22B0053E507 /* LaunchScreen.xib */ = {
			isa = PBXVariantGroup;
			children = (
				23EADD711A12C22B0053E507 /* Base */,
			);
			name = LaunchScreen.xib;
			sourceTree = "<group>";
		};
/* End PBXVariantGroup section */

/* Begin XCBuildConfiguration section */
		23EADD7F1A12C22B0053E507 /* Debug */ = {
			isa = XCBuildConfiguration;
			buildSettings = {
				ALWAYS_SEARCH_USER_PATHS = NO;
				CLANG_CXX_LANGUAGE_STANDARD = "gnu++0x";
				CLANG_CXX_LIBRARY = "libc++";
				CLANG_ENABLE_MODULES = YES;
				CLANG_ENABLE_OBJC_ARC = YES;
				CLANG_WARN_BOOL_CONVERSION = YES;
				CLANG_WARN_CONSTANT_CONVERSION = YES;
				CLANG_WARN_DIRECT_OBJC_ISA_USAGE = YES_ERROR;
				CLANG_WARN_EMPTY_BODY = YES;
				CLANG_WARN_ENUM_CONVERSION = YES;
				CLANG_WARN_INT_CONVERSION = YES;
				CLANG_WARN_OBJC_ROOT_CLASS = YES_ERROR;
				CLANG_WARN_UNREACHABLE_CODE = YES;
				CLANG_WARN__DUPLICATE_METHOD_MATCH = YES;
				"CODE_SIGN_IDENTITY[sdk=iphoneos*]" = "iPhone Developer";
				COPY_PHASE_STRIP = NO;
				ENABLE_STRICT_OBJC_MSGSEND = YES;
				GCC_C_LANGUAGE_STANDARD = gnu99;
				GCC_DYNAMIC_NO_PIC = NO;
				GCC_OPTIMIZATION_LEVEL = 0;
				GCC_PREPROCESSOR_DEFINITIONS = (
					"DEBUG=1",
					"$(inherited)",
				);
				GCC_SYMBOLS_PRIVATE_EXTERN = NO;
				GCC_WARN_64_TO_32_BIT_CONVERSION = YES;
				GCC_WARN_ABOUT_RETURN_TYPE = YES_ERROR;
				GCC_WARN_UNDECLARED_SELECTOR = YES;
				GCC_WARN_UNINITIALIZED_AUTOS = YES_AGGRESSIVE;
				GCC_WARN_UNUSED_FUNCTION = YES;
				GCC_WARN_UNUSED_VARIABLE = YES;
				IPHONEOS_DEPLOYMENT_TARGET = 8.1;
				MTL_ENABLE_DEBUG_INFO = YES;
				ONLY_ACTIVE_ARCH = YES;
				SDKROOT = iphoneos;
			};
			name = Debug;
		};
		23EADD801A12C22B0053E507 /* Release */ = {
			isa = XCBuildConfiguration;
			buildSettings = {
				ALWAYS_SEARCH_USER_PATHS = NO;
				CLANG_CXX_LANGUAGE_STANDARD = "gnu++0x";
				CLANG_CXX_LIBRARY = "libc++";
				CLANG_ENABLE_MODULES = YES;
				CLANG_ENABLE_OBJC_ARC = YES;
				CLANG_WARN_BOOL_CONVERSION = YES;
				CLANG_WARN_CONSTANT_CONVERSION = YES;
				CLANG_WARN_DIRECT_OBJC_ISA_USAGE = YES_ERROR;
				CLANG_WARN_EMPTY_BODY = YES;
				CLANG_WARN_ENUM_CONVERSION = YES;
				CLANG_WARN_INT_CONVERSION = YES;
				CLANG_WARN_OBJC_ROOT_CLASS = YES_ERROR;
				CLANG_WARN_UNREACHABLE_CODE = YES;
				CLANG_WARN__DUPLICATE_METHOD_MATCH = YES;
				"CODE_SIGN_IDENTITY[sdk=iphoneos*]" = "iPhone Developer";
				COPY_PHASE_STRIP = YES;
				ENABLE_NS_ASSERTIONS = NO;
				ENABLE_STRICT_OBJC_MSGSEND = YES;
				GCC_C_LANGUAGE_STANDARD = gnu99;
				GCC_WARN_64_TO_32_BIT_CONVERSION = YES;
				GCC_WARN_ABOUT_RETURN_TYPE = YES_ERROR;
				GCC_WARN_UNDECLARED_SELECTOR = YES;
				GCC_WARN_UNINITIALIZED_AUTOS = YES_AGGRESSIVE;
				GCC_WARN_UNUSED_FUNCTION = YES;
				GCC_WARN_UNUSED_VARIABLE = YES;
				IPHONEOS_DEPLOYMENT_TARGET = 8.1;
				MTL_ENABLE_DEBUG_INFO = NO;
				SDKROOT = iphoneos;
				VALIDATE_PRODUCT = YES;
			};
			name = Release;
		};
		23EADD821A12C22B0053E507 /* Debug */ = {
			isa = XCBuildConfiguration;
			buildSettings = {
				ASSETCATALOG_COMPILER_APPICON_NAME = AppIcon;
				INFOPLIST_FILE = RaidRoster/Info.plist;
				LD_RUNPATH_SEARCH_PATHS = "$(inherited) @executable_path/Frameworks";
				PRODUCT_NAME = "$(TARGET_NAME)";
			};
			name = Debug;
		};
		23EADD831A12C22B0053E507 /* Release */ = {
			isa = XCBuildConfiguration;
			buildSettings = {
				ASSETCATALOG_COMPILER_APPICON_NAME = AppIcon;
				INFOPLIST_FILE = RaidRoster/Info.plist;
				LD_RUNPATH_SEARCH_PATHS = "$(inherited) @executable_path/Frameworks";
				PRODUCT_NAME = "$(TARGET_NAME)";
			};
			name = Release;
		};
		23EADD851A12C22B0053E507 /* Debug */ = {
			isa = XCBuildConfiguration;
			buildSettings = {
				BUNDLE_LOADER = "$(TEST_HOST)";
				FRAMEWORK_SEARCH_PATHS = (
					"$(SDKROOT)/Developer/Library/Frameworks",
					"$(inherited)",
				);
				GCC_PREPROCESSOR_DEFINITIONS = (
					"DEBUG=1",
					"$(inherited)",
				);
				INFOPLIST_FILE = RaidRosterTests/Info.plist;
				LD_RUNPATH_SEARCH_PATHS = "$(inherited) @executable_path/Frameworks @loader_path/Frameworks";
				PRODUCT_NAME = "$(TARGET_NAME)";
				TEST_HOST = "$(BUILT_PRODUCTS_DIR)/RaidRoster.app/RaidRoster";
			};
			name = Debug;
		};
		23EADD861A12C22B0053E507 /* Release */ = {
			isa = XCBuildConfiguration;
			buildSettings = {
				BUNDLE_LOADER = "$(TEST_HOST)";
				FRAMEWORK_SEARCH_PATHS = (
					"$(SDKROOT)/Developer/Library/Frameworks",
					"$(inherited)",
				);
				INFOPLIST_FILE = RaidRosterTests/Info.plist;
				LD_RUNPATH_SEARCH_PATHS = "$(inherited) @executable_path/Frameworks @loader_path/Frameworks";
				PRODUCT_NAME = "$(TARGET_NAME)";
				TEST_HOST = "$(BUILT_PRODUCTS_DIR)/RaidRoster.app/RaidRoster";
			};
			name = Release;
		};
/* End XCBuildConfiguration section */

/* Begin XCConfigurationList section */
		23EADD561A12C22B0053E507 /* Build configuration list for PBXProject "RaidRoster" */ = {
			isa = XCConfigurationList;
			buildConfigurations = (
				23EADD7F1A12C22B0053E507 /* Debug */,
				23EADD801A12C22B0053E507 /* Release */,
			);
			defaultConfigurationIsVisible = 0;
			defaultConfigurationName = Release;
		};
		23EADD811A12C22B0053E507 /* Build configuration list for PBXNativeTarget "RaidRoster" */ = {
			isa = XCConfigurationList;
			buildConfigurations = (
				23EADD821A12C22B0053E507 /* Debug */,
				23EADD831A12C22B0053E507 /* Release */,
			);
			defaultConfigurationIsVisible = 0;
		};
		23EADD841A12C22B0053E507 /* Build configuration list for PBXNativeTarget "RaidRosterTests" */ = {
			isa = XCConfigurationList;
			buildConfigurations = (
				23EADD851A12C22B0053E507 /* Debug */,
				23EADD861A12C22B0053E507 /* Release */,
			);
			defaultConfigurationIsVisible = 0;
		};
/* End XCConfigurationList section */

/* Begin XCVersionGroup section */
		23EADD651A12C22B0053E507 /* RaidRoster.xcdatamodeld */ = {
			isa = XCVersionGroup;
			children = (
				23EADD661A12C22B0053E507 /* RaidRoster.xcdatamodel */,
			);
			currentVersion = 23EADD661A12C22B0053E507 /* RaidRoster.xcdatamodel */;
			path = RaidRoster.xcdatamodeld;
			sourceTree = "<group>";
			versionGroupType = wrapper.xcdatamodel;
		};
/* End XCVersionGroup section */
	};
	rootObject = 23EADD531A12C22B0053E507 /* Project object */;
}
